
Microsoft Visual Studio Solution File, Format Version 12.00
# Visual Studio 15
VisualStudioVersion = 15.0.27703.2047
MinimumVisualStudioVersion = 10.0.40219.1
Project("{FAE04EC0-301F-11D3-BF4B-00C04F79EFBC}") = "ConsoleApp4", "ConsoleApp4\ConsoleApp4.csproj", "{22F99D3B-0643-4EEC-A6BF-47728E5721B7}"
EndProject
Global
	GlobalSection(SolutionConfigurationPlatforms) = preSolution
		Debug|Any CPU = Debug|Any CPU
		Release|Any CPU = Release|Any CPU
	EndGlobalSection
	GlobalSection(ProjectConfigurationPlatforms) = postSolution
		{22F99D3B-0643-4EEC-A6BF-47728E5721B7}.Debug|Any CPU.ActiveCfg = Debug|Any CPU
		{22F99D3B-0643-4EEC-A6BF-47728E5721B7}.Debug|Any CPU.Build.0 = Debug|Any CPU
		{22F99D3B-0643-4EEC-A6BF-47728E5721B7}.Release|Any CPU.ActiveCfg = Release|Any CPU
		{22F99D3B-0643-4EEC-A6BF-47728E5721B7}.Release|Any CPU.Build.0 = Release|Any CPU
	EndGlobalSection
	GlobalSection(SolutionProperties) = preSolution
		HideSolutionNode = FALSE
	EndGlobalSection
	GlobalSection(ExtensibilityGlobals) = postSolution
		SolutionGuid = {7A2EE83C-3261-40E7-82F1-8A8AD48C7AFC}
	EndGlobalSection
EndGlobal
